<?xml version="1.0" encoding="utf-8"?>
<Project ToolsVersion="4.0" xmlns="http://schemas.microsoft.com/developer/msbuild/2003">
  <ItemGroup>
    <Filter Include="Design Patterns">
      <UniqueIdentifier>{3642863a-db94-44be-a2cb-287e5a329665}</UniqueIdentifier>
    </Filter>
    <Filter Include="Design Patterns\Iterator Design Pattern">
      <UniqueIdentifier>{c41b8667-d7e7-49ce-9e29-6dd0ebdd2a35}</UniqueIdentifier>
    </Filter>
    <Filter Include="Design Patterns\Factory Method Design Pattern">
      <UniqueIdentifier>{ac26c39e-ad2a-4e12-894d-10efd6132c9d}</UniqueIdentifier>
    </Filter>
    <Filter Include="Design Patterns\Dependency Injection Design Pattern">
      <UniqueIdentifier>{2b0ab6f3-8b0a-43c0-a0a1-6d31485122ea}</UniqueIdentifier>
    </Filter>
    <Filter Include="Design Patterns\Decorator Design Pattern">
      <UniqueIdentifier>{9587dab5-71b5-4dbd-8a5e-1ea16c374478}</UniqueIdentifier>
    </Filter>
    <Filter Include="Design Patterns\Observer Design Pattern">
      <UniqueIdentifier>{37b7570a-23ed-428b-9707-3f835f005e82}</UniqueIdentifier>
    </Filter>
    <Filter Include="Design Patterns\State Pattern">
      <UniqueIdentifier>{bfb0a217-1f0e-43a1-9721-e20f186658a1}</UniqueIdentifier>
    </Filter>
    <Filter Include="Design Patterns\Strategy Design Pattern">
      <UniqueIdentifier>{0f14a1f9-c6dd-4ebb-b328-7020381df6c4}</UniqueIdentifier>
    </Filter>
    <Filter Include="Design Principles">
      <UniqueIdentifier>{399cae12-7ba1-47f8-baaa-60e1f9e1bbf3}</UniqueIdentifier>
    </Filter>
    <Filter Include="Design Principles\SOLID Design Principles">
      <UniqueIdentifier>{50d08e88-f30d-4072-b6e9-c46ab333105b}</UniqueIdentifier>
    </Filter>
  </ItemGroup>
  <ItemGroup>
    <ClCompile Include="Design Principles\SOLID Design Principles\DependencyInversion.cpp">
      <Filter>Design Principles\SOLID Design Principles</Filter>
    </ClCompile>
    <ClCompile Include="Design Principles\SOLID Design Principles\InterfaceSegregation.cpp">
      <Filter>Design Principles\SOLID Design Principles</Filter>
    </ClCompile>
    <ClCompile Include="Design Principles\SOLID Design Principles\LiskovSubstitutionPrinciple.cpp">
      <Filter>Design Principles\SOLID Design Principles</Filter>
    </ClCompile>
    <ClCompile Include="Design Principles\SOLID Design Principles\openClosedPrinciple.cpp">
      <Filter>Design Principles\SOLID Design Principles</Filter>
    </ClCompile>
    <ClCompile Include="Design Principles\SOLID Design Principles\SingleResponsibility.cpp">
      <Filter>Design Principles\SOLID Design Principles</Filter>
    </ClCompile>
    <ClCompile Include="Design Patterns\Iterator Design Pattern\IteratorExample.cpp">
      <Filter>Design Patterns\Iterator Design Pattern</Filter>
    </ClCompile>
    <ClCompile Include="Design Patterns\Factory Method Design Pattern\FM_MoreComplexExample.cpp">
      <Filter>Design Patterns\Factory Method Design Pattern</Filter>
    </ClCompile>
    <ClCompile Include="Design Patterns\Factory Method Design Pattern\FM_SimpleExample.cpp">
      <Filter>Design Patterns\Factory Method Design Pattern</Filter>
    </ClCompile>
    <ClCompile Include="Design Patterns\Decorator Design Pattern\DecoratorExample.cpp">
      <Filter>Design Patterns\Decorator Design Pattern</Filter>
    </ClCompile>
    <ClCompile Include="Design Patterns\Dependency Injection Design Pattern\DependencyInjection.cpp">
      <Filter>Design Patterns\Dependency Injection Design Pattern</Filter>
    </ClCompile>
    <ClCompile Include="Design Patterns\Observer Design Pattern\ObserverExample.cpp">
      <Filter>Design Patterns\Observer Design Pattern</Filter>
    </ClCompile>
    <ClCompile Include="Design Patterns\State Design Pattern\StateExample.cpp">
      <Filter>Design Patterns\State Pattern</Filter>
    </ClCompile>
    <ClCompile Include="Design Patterns\Strategy Design Pattern\StrategyExample.cpp">
      <Filter>Design Patterns\Strategy Design Pattern</Filter>
    </ClCompile>
  </ItemGroup>
  <ItemGroup>
    <Text Include="Design Patterns\Observer Design Pattern\pushVsPullArchitecture.txt">
      <Filter>Design Patterns\Observer Design Pattern</Filter>
    </Text>
  </ItemGroup>
</Project>